
Microsoft Visual Studio Solution File, Format Version 12.00
Project("{FAE04EC0-301F-11D3-BF4B-00C04F79EFBC}") = "CalastoneTest", "CalastoneTest\CalastoneTest.csproj", "{661E1C09-06E2-4BA5-BCFC-E781727CF5FC}"
EndProject
Project("{FAE04EC0-301F-11D3-BF4B-00C04F79EFBC}") = "CalastoneTest.Tests", "CalastoneTest.Tests\CalastoneTest.Tests.csproj", "{09FA0322-F415-4761-88EB-38A5607FFFF3}"
EndProject
Global
	GlobalSection(SolutionConfigurationPlatforms) = preSolution
		Debug|Any CPU = Debug|Any CPU
		Release|Any CPU = Release|Any CPU
	EndGlobalSection
	GlobalSection(ProjectConfigurationPlatforms) = postSolution
		{661E1C09-06E2-4BA5-BCFC-E781727CF5FC}.Debug|Any CPU.ActiveCfg = Debug|Any CPU
		{661E1C09-06E2-4BA5-BCFC-E781727CF5FC}.Debug|Any CPU.Build.0 = Debug|Any CPU
		{661E1C09-06E2-4BA5-BCFC-E781727CF5FC}.Release|Any CPU.ActiveCfg = Release|Any CPU
		{661E1C09-06E2-4BA5-BCFC-E781727CF5FC}.Release|Any CPU.Build.0 = Release|Any CPU
		{09FA0322-F415-4761-88EB-38A5607FFFF3}.Debug|Any CPU.ActiveCfg = Debug|Any CPU
		{09FA0322-F415-4761-88EB-38A5607FFFF3}.Debug|Any CPU.Build.0 = Debug|Any CPU
		{09FA0322-F415-4761-88EB-38A5607FFFF3}.Release|Any CPU.ActiveCfg = Release|Any CPU
		{09FA0322-F415-4761-88EB-38A5607FFFF3}.Release|Any CPU.Build.0 = Release|Any CPU
	EndGlobalSection
EndGlobal
